// !$*UTF8*$!
{
	archiveVersion = 1;
	classes = {
	};
	objectVersion = 46;
	objects = {

/* Begin PBXBuildFile section */
		0AAD1AA61C33CEFF0091CF16 /* main.m in Sources */ = {isa = PBXBuildFile; fileRef = 0AAD1AA51C33CEFF0091CF16 /* main.m */; };
		0AAD1AA91C33CEFF0091CF16 /* AppDelegate.m in Sources */ = {isa = PBXBuildFile; fileRef = 0AAD1AA81C33CEFF0091CF16 /* AppDelegate.m */; };
		0AAD1AAC1C33CEFF0091CF16 /* ViewController.m in Sources */ = {isa = PBXBuildFile; fileRef = 0AAD1AAB1C33CEFF0091CF16 /* ViewController.m */; };
		0AAD1AAF1C33CEFF0091CF16 /* Main.storyboard in Resources */ = {isa = PBXBuildFile; fileRef = 0AAD1AAD1C33CEFF0091CF16 /* Main.storyboard */; };
		0AAD1AB11C33CEFF0091CF16 /* Assets.xcassets in Resources */ = {isa = PBXBuildFile; fileRef = 0AAD1AB01C33CEFF0091CF16 /* Assets.xcassets */; };
		0AAD1AB41C33CEFF0091CF16 /* LaunchScreen.storyboard in Resources */ = {isa = PBXBuildFile; fileRef = 0AAD1AB21C33CEFF0091CF16 /* LaunchScreen.storyboard */; };
		0AAD1ABF1C33CEFF0091CF16 /* ZZURecordTests.m in Sources */ = {isa = PBXBuildFile; fileRef = 0AAD1ABE1C33CEFF0091CF16 /* ZZURecordTests.m */; };
		0AAD1ACA1C33CEFF0091CF16 /* ZZURecordUITests.m in Sources */ = {isa = PBXBuildFile; fileRef = 0AAD1AC91C33CEFF0091CF16 /* ZZURecordUITests.m */; };
		0AAD1AD91C33CF4C0091CF16 /* WFClass.m in Sources */ = {isa = PBXBuildFile; fileRef = 0AAD1AD81C33CF4C0091CF16 /* WFClass.m */; };
		2B7D46501C33EFCE007AF805 /* ZYQClass.m in Sources */ = {isa = PBXBuildFile; fileRef = 2B7D464F1C33EFCE007AF805 /* ZYQClass.m */; };
		4E5C91251C33F00400D02C9E /* LYCClass.m in Sources */ = {isa = PBXBuildFile; fileRef = 4E5C91241C33F00400D02C9E /* LYCClass.m */; };
		587ECF111C33E07800D83497 /* SqsClass.m in Sources */ = {isa = PBXBuildFile; fileRef = 587ECF101C33E07800D83497 /* SqsClass.m */; };
		9512469D1C33DEE300264A33 /* YRClass.m in Sources */ = {isa = PBXBuildFile; fileRef = 9512469C1C33DEE300264A33 /* YRClass.m */; };
		951C810F1C33E5D200192442 /* WDXClass.m in Sources */ = {isa = PBXBuildFile; fileRef = 951C810E1C33E5D200192442 /* WDXClass.m */; };
		956E605F1C33E05F00BC28C9 /* wangfan.m in Sources */ = {isa = PBXBuildFile; fileRef = 956E605E1C33E05F00BC28C9 /* wangfan.m */; };
		958A2C971C33E4D7008486A8 /* YMHClass.m in Sources */ = {isa = PBXBuildFile; fileRef = 958A2C961C33E4D7008486A8 /* YMHClass.m */; };
		A20A8D741C33E26D00DF4E31 /* MLClass.m in Sources */ = {isa = PBXBuildFile; fileRef = A20A8D731C33E26D00DF4E31 /* MLClass.m */; };
		A7F88E381C33DC6F00E887DD /* JGHClass.m in Sources */ = {isa = PBXBuildFile; fileRef = A7F88E371C33DC6F00E887DD /* JGHClass.m */; };
		B83937A11C33F46C00450D5C /* QXFClass.m in Sources */ = {isa = PBXBuildFile; fileRef = B83937A01C33F46C00450D5C /* QXFClass.m */; };
		BC0AD40C1C33DCC6007314CA /* RHWClass.m in Sources */ = {isa = PBXBuildFile; fileRef = BC0AD40B1C33DCC6007314CA /* RHWClass.m */; };
		BC1938DE1C33F35000EF90E3 /* ZHClass.m in Sources */ = {isa = PBXBuildFile; fileRef = BC1938DD1C33F35000EF90E3 /* ZHClass.m */; };
		BC2075AD1C33DD0800FFC688 /* CLClass.m in Sources */ = {isa = PBXBuildFile; fileRef = BC2075AC1C33DD0800FFC688 /* CLClass.m */; };
		BC3AD1121C33E839005CBB6C /* ZDWClass.m in Sources */ = {isa = PBXBuildFile; fileRef = BC3AD1111C33E839005CBB6C /* ZDWClass.m */; };
		BC4B1F0E1C33E7900049DA62 /* LCYClass.m in Sources */ = {isa = PBXBuildFile; fileRef = BC4B1F0D1C33E7900049DA62 /* LCYClass.m */; };
		BC4D28A11C33FB3700954654 /* SZZClass.m in Sources */ = {isa = PBXBuildFile; fileRef = BC4D28A01C33FB3700954654 /* SZZClass.m */; };
		BC574EF61C33E1240090617B /* ZPFClass.m in Sources */ = {isa = PBXBuildFile; fileRef = BC574EF51C33E1240090617B /* ZPFClass.m */; };
		BC67852D1C33E2F100C38B6F /* LCMClass.m in Sources */ = {isa = PBXBuildFile; fileRef = BC67852C1C33E2F100C38B6F /* LCMClass.m */; };
		BC794FBF1C33E01700F5CD37 /* YHClass.m in Sources */ = {isa = PBXBuildFile; fileRef = BC794FBE1C33E01700F5CD37 /* YHClass.m */; };
		BC7D442C1C33F0930015B554 /* WSGClass.m in Sources */ = {isa = PBXBuildFile; fileRef = BC7D442B1C33F0930015B554 /* WSGClass.m */; };
		BC7D442F1C33F5C80015B554 /* WSGGClass.m in Sources */ = {isa = PBXBuildFile; fileRef = BC7D442E1C33F5C80015B554 /* WSGGClass.m */; };
		BC8666161C33E9A5006FFFEA /* YYJClass.m in Sources */ = {isa = PBXBuildFile; fileRef = BC8666151C33E9A5006FFFEA /* YYJClass.m */; };
		BC8A6BE81C33E4970078C114 /* XRNClass.m in Sources */ = {isa = PBXBuildFile; fileRef = BC8A6BE71C33E4970078C114 /* XRNClass.m */; };
		BC945F251C33DDEA004D3453 /* YXLClass.m in Sources */ = {isa = PBXBuildFile; fileRef = BC945F241C33DDEA004D3453 /* YXLClass.m */; };
		BC9BCDE01C33E55900BE7E5D /* LZWClass.m in Sources */ = {isa = PBXBuildFile; fileRef = BC9BCDDF1C33E55900BE7E5D /* LZWClass.m */; };
		BCB0A7961C33F633006E1252 /* HGClass.m in Sources */ = {isa = PBXBuildFile; fileRef = BCB0A7951C33F633006E1252 /* HGClass.m */; };
		BCB0A7991C33F706006E1252 /* HHGGClass.m in Sources */ = {isa = PBXBuildFile; fileRef = BCB0A7981C33F706006E1252 /* HHGGClass.m */; };
		BCBA0B721C33E4D00049DCFA /* YCLClass.m in Sources */ = {isa = PBXBuildFile; fileRef = BCBA0B711C33E4D00049DCFA /* YCLClass.m */; };
		BCC392491C33F7FC00DD6A6E /* XWQClass.m in Sources */ = {isa = PBXBuildFile; fileRef = BCC392481C33F7FC00DD6A6E /* XWQClass.m */; };
		BCC43D681C33DCB200156C18 /* JZKClass.m in Sources */ = {isa = PBXBuildFile; fileRef = BCC43D671C33DCB200156C18 /* JZKClass.m */; };
		BCF4CFF91C33F632003AF0DC /* WFFClass.m in Sources */ = {isa = PBXBuildFile; fileRef = BCF4CFF81C33F632003AF0DC /* WFFClass.m */; };
		BCF925621C33E24D00DC3822 /* HKClass.m in Sources */ = {isa = PBXBuildFile; fileRef = BCF925611C33E24D00DC3822 /* HKClass.m */; };
		E024009D1C33F4A700C270F2 /* WengClass.m in Sources */ = {isa = PBXBuildFile; fileRef = E024009C1C33F4A700C270F2 /* WengClass.m */; };
/* End PBXBuildFile section */

/* Begin PBXContainerItemProxy section */
		0AAD1ABB1C33CEFF0091CF16 /* PBXContainerItemProxy */ = {
			isa = PBXContainerItemProxy;
			containerPortal = 0AAD1A991C33CEFF0091CF16 /* Project object */;
			proxyType = 1;
			remoteGlobalIDString = 0AAD1AA01C33CEFF0091CF16;
			remoteInfo = ZZURecord;
		};
		0AAD1AC61C33CEFF0091CF16 /* PBXContainerItemProxy */ = {
			isa = PBXContainerItemProxy;
			containerPortal = 0AAD1A991C33CEFF0091CF16 /* Project object */;
			proxyType = 1;
			remoteGlobalIDString = 0AAD1AA01C33CEFF0091CF16;
			remoteInfo = ZZURecord;
		};
/* End PBXContainerItemProxy section */

/* Begin PBXFileReference section */
		0AAD1AA11C33CEFF0091CF16 /* ZZURecord.app */ = {isa = PBXFileReference; explicitFileType = wrapper.application; includeInIndex = 0; path = ZZURecord.app; sourceTree = BUILT_PRODUCTS_DIR; };
		0AAD1AA51C33CEFF0091CF16 /* main.m */ = {isa = PBXFileReference; lastKnownFileType = sourcecode.c.objc; path = main.m; sourceTree = "<group>"; };
		0AAD1AA71C33CEFF0091CF16 /* AppDelegate.h */ = {isa = PBXFileReference; lastKnownFileType = sourcecode.c.h; path = AppDelegate.h; sourceTree = "<group>"; };
		0AAD1AA81C33CEFF0091CF16 /* AppDelegate.m */ = {isa = PBXFileReference; lastKnownFileType = sourcecode.c.objc; path = AppDelegate.m; sourceTree = "<group>"; };
		0AAD1AAA1C33CEFF0091CF16 /* ViewController.h */ = {isa = PBXFileReference; lastKnownFileType = sourcecode.c.h; path = ViewController.h; sourceTree = "<group>"; };
		0AAD1AAB1C33CEFF0091CF16 /* ViewController.m */ = {isa = PBXFileReference; lastKnownFileType = sourcecode.c.objc; path = ViewController.m; sourceTree = "<group>"; };
		0AAD1AAE1C33CEFF0091CF16 /* Base */ = {isa = PBXFileReference; lastKnownFileType = file.storyboard; name = Base; path = Base.lproj/Main.storyboard; sourceTree = "<group>"; };
		0AAD1AB01C33CEFF0091CF16 /* Assets.xcassets */ = {isa = PBXFileReference; lastKnownFileType = folder.assetcatalog; path = Assets.xcassets; sourceTree = "<group>"; };
		0AAD1AB31C33CEFF0091CF16 /* Base */ = {isa = PBXFileReference; lastKnownFileType = file.storyboard; name = Base; path = Base.lproj/LaunchScreen.storyboard; sourceTree = "<group>"; };
		0AAD1AB51C33CEFF0091CF16 /* Info.plist */ = {isa = PBXFileReference; lastKnownFileType = text.plist.xml; path = Info.plist; sourceTree = "<group>"; };
		0AAD1ABA1C33CEFF0091CF16 /* ZZURecordTests.xctest */ = {isa = PBXFileReference; explicitFileType = wrapper.cfbundle; includeInIndex = 0; path = ZZURecordTests.xctest; sourceTree = BUILT_PRODUCTS_DIR; };
		0AAD1ABE1C33CEFF0091CF16 /* ZZURecordTests.m */ = {isa = PBXFileReference; lastKnownFileType = sourcecode.c.objc; path = ZZURecordTests.m; sourceTree = "<group>"; };
		0AAD1AC01C33CEFF0091CF16 /* Info.plist */ = {isa = PBXFileReference; lastKnownFileType = text.plist.xml; path = Info.plist; sourceTree = "<group>"; };
		0AAD1AC51C33CEFF0091CF16 /* ZZURecordUITests.xctest */ = {isa = PBXFileReference; explicitFileType = wrapper.cfbundle; includeInIndex = 0; path = ZZURecordUITests.xctest; sourceTree = BUILT_PRODUCTS_DIR; };
		0AAD1AC91C33CEFF0091CF16 /* ZZURecordUITests.m */ = {isa = PBXFileReference; lastKnownFileType = sourcecode.c.objc; path = ZZURecordUITests.m; sourceTree = "<group>"; };
		0AAD1ACB1C33CEFF0091CF16 /* Info.plist */ = {isa = PBXFileReference; lastKnownFileType = text.plist.xml; path = Info.plist; sourceTree = "<group>"; };
		0AAD1AD71C33CF4C0091CF16 /* WFClass.h */ = {isa = PBXFileReference; fileEncoding = 4; lastKnownFileType = sourcecode.c.h; path = WFClass.h; sourceTree = "<group>"; };
		0AAD1AD81C33CF4C0091CF16 /* WFClass.m */ = {isa = PBXFileReference; fileEncoding = 4; lastKnownFileType = sourcecode.c.objc; path = WFClass.m; sourceTree = "<group>"; };
		2B7D464E1C33EFCE007AF805 /* ZYQClass.h */ = {isa = PBXFileReference; fileEncoding = 4; lastKnownFileType = sourcecode.c.h; path = ZYQClass.h; sourceTree = "<group>"; };
		2B7D464F1C33EFCE007AF805 /* ZYQClass.m */ = {isa = PBXFileReference; fileEncoding = 4; lastKnownFileType = sourcecode.c.objc; path = ZYQClass.m; sourceTree = "<group>"; };
		4E5C91231C33F00400D02C9E /* LYCClass.h */ = {isa = PBXFileReference; fileEncoding = 4; lastKnownFileType = sourcecode.c.h; path = LYCClass.h; sourceTree = "<group>"; };
		4E5C91241C33F00400D02C9E /* LYCClass.m */ = {isa = PBXFileReference; fileEncoding = 4; lastKnownFileType = sourcecode.c.objc; path = LYCClass.m; sourceTree = "<group>"; };
		587ECF0F1C33E07800D83497 /* SqsClass.h */ = {isa = PBXFileReference; fileEncoding = 4; lastKnownFileType = sourcecode.c.h; path = SqsClass.h; sourceTree = "<group>"; };
		587ECF101C33E07800D83497 /* SqsClass.m */ = {isa = PBXFileReference; fileEncoding = 4; lastKnownFileType = sourcecode.c.objc; path = SqsClass.m; sourceTree = "<group>"; };
		9512469B1C33DEE300264A33 /* YRClass.h */ = {isa = PBXFileReference; fileEncoding = 4; lastKnownFileType = sourcecode.c.h; path = YRClass.h; sourceTree = "<group>"; };
		9512469C1C33DEE300264A33 /* YRClass.m */ = {isa = PBXFileReference; fileEncoding = 4; lastKnownFileType = sourcecode.c.objc; path = YRClass.m; sourceTree = "<group>"; };
		951C810D1C33E5D200192442 /* WDXClass.h */ = {isa = PBXFileReference; fileEncoding = 4; lastKnownFileType = sourcecode.c.h; path = WDXClass.h; sourceTree = "<group>"; };
		951C810E1C33E5D200192442 /* WDXClass.m */ = {isa = PBXFileReference; fileEncoding = 4; lastKnownFileType = sourcecode.c.objc; path = WDXClass.m; sourceTree = "<group>"; };
		956E605D1C33E05F00BC28C9 /* wangfan.h */ = {isa = PBXFileReference; fileEncoding = 4; lastKnownFileType = sourcecode.c.h; path = wangfan.h; sourceTree = "<group>"; };
		956E605E1C33E05F00BC28C9 /* wangfan.m */ = {isa = PBXFileReference; fileEncoding = 4; lastKnownFileType = sourcecode.c.objc; path = wangfan.m; sourceTree = "<group>"; };
		958A2C951C33E4D7008486A8 /* YMHClass.h */ = {isa = PBXFileReference; fileEncoding = 4; lastKnownFileType = sourcecode.c.h; path = YMHClass.h; sourceTree = "<group>"; };
		958A2C961C33E4D7008486A8 /* YMHClass.m */ = {isa = PBXFileReference; fileEncoding = 4; lastKnownFileType = sourcecode.c.objc; path = YMHClass.m; sourceTree = "<group>"; };
		A20A8D721C33E26D00DF4E31 /* MLClass.h */ = {isa = PBXFileReference; fileEncoding = 4; lastKnownFileType = sourcecode.c.h; path = MLClass.h; sourceTree = "<group>"; };
		A20A8D731C33E26D00DF4E31 /* MLClass.m */ = {isa = PBXFileReference; fileEncoding = 4; lastKnownFileType = sourcecode.c.objc; path = MLClass.m; sourceTree = "<group>"; };
		A7F88E361C33DC6F00E887DD /* JGHClass.h */ = {isa = PBXFileReference; fileEncoding = 4; lastKnownFileType = sourcecode.c.h; path = JGHClass.h; sourceTree = "<group>"; };
		A7F88E371C33DC6F00E887DD /* JGHClass.m */ = {isa = PBXFileReference; fileEncoding = 4; lastKnownFileType = sourcecode.c.objc; path = JGHClass.m; sourceTree = "<group>"; };
		B839379F1C33F46C00450D5C /* QXFClass.h */ = {isa = PBXFileReference; fileEncoding = 4; lastKnownFileType = sourcecode.c.h; path = QXFClass.h; sourceTree = "<group>"; };
		B83937A01C33F46C00450D5C /* QXFClass.m */ = {isa = PBXFileReference; fileEncoding = 4; lastKnownFileType = sourcecode.c.objc; path = QXFClass.m; sourceTree = "<group>"; };
		BC0AD40A1C33DCC6007314CA /* RHWClass.h */ = {isa = PBXFileReference; fileEncoding = 4; lastKnownFileType = sourcecode.c.h; path = RHWClass.h; sourceTree = "<group>"; };
		BC0AD40B1C33DCC6007314CA /* RHWClass.m */ = {isa = PBXFileReference; fileEncoding = 4; lastKnownFileType = sourcecode.c.objc; path = RHWClass.m; sourceTree = "<group>"; };
		BC1938DC1C33F35000EF90E3 /* ZHClass.h */ = {isa = PBXFileReference; fileEncoding = 4; lastKnownFileType = sourcecode.c.h; path = ZHClass.h; sourceTree = "<group>"; };
		BC1938DD1C33F35000EF90E3 /* ZHClass.m */ = {isa = PBXFileReference; fileEncoding = 4; lastKnownFileType = sourcecode.c.objc; path = ZHClass.m; sourceTree = "<group>"; };
		BC2075AB1C33DD0800FFC688 /* CLClass.h */ = {isa = PBXFileReference; fileEncoding = 4; lastKnownFileType = sourcecode.c.h; path = CLClass.h; sourceTree = "<group>"; };
		BC2075AC1C33DD0800FFC688 /* CLClass.m */ = {isa = PBXFileReference; fileEncoding = 4; lastKnownFileType = sourcecode.c.objc; path = CLClass.m; sourceTree = "<group>"; };
		BC3AD1101C33E839005CBB6C /* ZDWClass.h */ = {isa = PBXFileReference; fileEncoding = 4; lastKnownFileType = sourcecode.c.h; path = ZDWClass.h; sourceTree = "<group>"; };
		BC3AD1111C33E839005CBB6C /* ZDWClass.m */ = {isa = PBXFileReference; fileEncoding = 4; lastKnownFileType = sourcecode.c.objc; path = ZDWClass.m; sourceTree = "<group>"; };
		BC4B1F0C1C33E7900049DA62 /* LCYClass.h */ = {isa = PBXFileReference; fileEncoding = 4; lastKnownFileType = sourcecode.c.h; path = LCYClass.h; sourceTree = "<group>"; };
		BC4B1F0D1C33E7900049DA62 /* LCYClass.m */ = {isa = PBXFileReference; fileEncoding = 4; lastKnownFileType = sourcecode.c.objc; path = LCYClass.m; sourceTree = "<group>"; };
		BC4D289F1C33FB3700954654 /* SZZClass.h */ = {isa = PBXFileReference; fileEncoding = 4; lastKnownFileType = sourcecode.c.h; path = SZZClass.h; sourceTree = "<group>"; };
		BC4D28A01C33FB3700954654 /* SZZClass.m */ = {isa = PBXFileReference; fileEncoding = 4; lastKnownFileType = sourcecode.c.objc; path = SZZClass.m; sourceTree = "<group>"; };
		BC574EF41C33E1240090617B /* ZPFClass.h */ = {isa = PBXFileReference; fileEncoding = 4; lastKnownFileType = sourcecode.c.h; path = ZPFClass.h; sourceTree = "<group>"; };
		BC574EF51C33E1240090617B /* ZPFClass.m */ = {isa = PBXFileReference; fileEncoding = 4; lastKnownFileType = sourcecode.c.objc; path = ZPFClass.m; sourceTree = "<group>"; };
		BC67852B1C33E2F100C38B6F /* LCMClass.h */ = {isa = PBXFileReference; fileEncoding = 4; lastKnownFileType = sourcecode.c.h; path = LCMClass.h; sourceTree = "<group>"; };
		BC67852C1C33E2F100C38B6F /* LCMClass.m */ = {isa = PBXFileReference; fileEncoding = 4; lastKnownFileType = sourcecode.c.objc; path = LCMClass.m; sourceTree = "<group>"; };
		BC794FBD1C33E01700F5CD37 /* YHClass.h */ = {isa = PBXFileReference; fileEncoding = 4; lastKnownFileType = sourcecode.c.h; path = YHClass.h; sourceTree = "<group>"; };
		BC794FBE1C33E01700F5CD37 /* YHClass.m */ = {isa = PBXFileReference; fileEncoding = 4; lastKnownFileType = sourcecode.c.objc; path = YHClass.m; sourceTree = "<group>"; };
		BC7D442A1C33F0930015B554 /* WSGClass.h */ = {isa = PBXFileReference; fileEncoding = 4; lastKnownFileType = sourcecode.c.h; path = WSGClass.h; sourceTree = "<group>"; };
		BC7D442B1C33F0930015B554 /* WSGClass.m */ = {isa = PBXFileReference; fileEncoding = 4; lastKnownFileType = sourcecode.c.objc; path = WSGClass.m; sourceTree = "<group>"; };
		BC7D442D1C33F5C80015B554 /* WSGGClass.h */ = {isa = PBXFileReference; fileEncoding = 4; lastKnownFileType = sourcecode.c.h; path = WSGGClass.h; sourceTree = "<group>"; };
		BC7D442E1C33F5C80015B554 /* WSGGClass.m */ = {isa = PBXFileReference; fileEncoding = 4; lastKnownFileType = sourcecode.c.objc; path = WSGGClass.m; sourceTree = "<group>"; };
		BC8666141C33E9A5006FFFEA /* YYJClass.h */ = {isa = PBXFileReference; fileEncoding = 4; lastKnownFileType = sourcecode.c.h; path = YYJClass.h; sourceTree = "<group>"; };
		BC8666151C33E9A5006FFFEA /* YYJClass.m */ = {isa = PBXFileReference; fileEncoding = 4; lastKnownFileType = sourcecode.c.objc; path = YYJClass.m; sourceTree = "<group>"; };
		BC8A6BE61C33E4970078C114 /* XRNClass.h */ = {isa = PBXFileReference; fileEncoding = 4; lastKnownFileType = sourcecode.c.h; path = XRNClass.h; sourceTree = "<group>"; };
		BC8A6BE71C33E4970078C114 /* XRNClass.m */ = {isa = PBXFileReference; fileEncoding = 4; lastKnownFileType = sourcecode.c.objc; path = XRNClass.m; sourceTree = "<group>"; };
		BC945F231C33DDEA004D3453 /* YXLClass.h */ = {isa = PBXFileReference; fileEncoding = 4; lastKnownFileType = sourcecode.c.h; path = YXLClass.h; sourceTree = "<group>"; };
		BC945F241C33DDEA004D3453 /* YXLClass.m */ = {isa = PBXFileReference; fileEncoding = 4; lastKnownFileType = sourcecode.c.objc; path = YXLClass.m; sourceTree = "<group>"; };
		BC9BCDDE1C33E55900BE7E5D /* LZWClass.h */ = {isa = PBXFileReference; fileEncoding = 4; lastKnownFileType = sourcecode.c.h; path = LZWClass.h; sourceTree = "<group>"; };
		BC9BCDDF1C33E55900BE7E5D /* LZWClass.m */ = {isa = PBXFileReference; fileEncoding = 4; lastKnownFileType = sourcecode.c.objc; path = LZWClass.m; sourceTree = "<group>"; };
		BCB0A7941C33F633006E1252 /* HGClass.h */ = {isa = PBXFileReference; fileEncoding = 4; lastKnownFileType = sourcecode.c.h; path = HGClass.h; sourceTree = "<group>"; };
		BCB0A7951C33F633006E1252 /* HGClass.m */ = {isa = PBXFileReference; fileEncoding = 4; lastKnownFileType = sourcecode.c.objc; path = HGClass.m; sourceTree = "<group>"; };
		BCB0A7971C33F706006E1252 /* HHGGClass.h */ = {isa = PBXFileReference; fileEncoding = 4; lastKnownFileType = sourcecode.c.h; path = HHGGClass.h; sourceTree = "<group>"; };
		BCB0A7981C33F706006E1252 /* HHGGClass.m */ = {isa = PBXFileReference; fileEncoding = 4; lastKnownFileType = sourcecode.c.objc; path = HHGGClass.m; sourceTree = "<group>"; };
		BCBA0B701C33E4D00049DCFA /* YCLClass.h */ = {isa = PBXFileReference; fileEncoding = 4; lastKnownFileType = sourcecode.c.h; path = YCLClass.h; sourceTree = "<group>"; };
		BCBA0B711C33E4D00049DCFA /* YCLClass.m */ = {isa = PBXFileReference; fileEncoding = 4; lastKnownFileType = sourcecode.c.objc; path = YCLClass.m; sourceTree = "<group>"; };
		BCC392471C33F7FC00DD6A6E /* XWQClass.h */ = {isa = PBXFileReference; fileEncoding = 4; lastKnownFileType = sourcecode.c.h; path = XWQClass.h; sourceTree = "<group>"; };
		BCC392481C33F7FC00DD6A6E /* XWQClass.m */ = {isa = PBXFileReference; fileEncoding = 4; lastKnownFileType = sourcecode.c.objc; path = XWQClass.m; sourceTree = "<group>"; };
		BCC43D661C33DCB200156C18 /* JZKClass.h */ = {isa = PBXFileReference; fileEncoding = 4; lastKnownFileType = sourcecode.c.h; path = JZKClass.h; sourceTree = "<group>"; };
		BCC43D671C33DCB200156C18 /* JZKClass.m */ = {isa = PBXFileReference; fileEncoding = 4; lastKnownFileType = sourcecode.c.objc; path = JZKClass.m; sourceTree = "<group>"; };
		BCF4CFF71C33F632003AF0DC /* WFFClass.h */ = {isa = PBXFileReference; fileEncoding = 4; lastKnownFileType = sourcecode.c.h; path = WFFClass.h; sourceTree = "<group>"; };
		BCF4CFF81C33F632003AF0DC /* WFFClass.m */ = {isa = PBXFileReference; fileEncoding = 4; lastKnownFileType = sourcecode.c.objc; path = WFFClass.m; sourceTree = "<group>"; };
		BCF925601C33E24D00DC3822 /* HKClass.h */ = {isa = PBXFileReference; fileEncoding = 4; lastKnownFileType = sourcecode.c.h; path = HKClass.h; sourceTree = "<group>"; };
		BCF925611C33E24D00DC3822 /* HKClass.m */ = {isa = PBXFileReference; fileEncoding = 4; lastKnownFileType = sourcecode.c.objc; path = HKClass.m; sourceTree = "<group>"; };
		E024009B1C33F4A700C270F2 /* WengClass.h */ = {isa = PBXFileReference; fileEncoding = 4; lastKnownFileType = sourcecode.c.h; path = WengClass.h; sourceTree = "<group>"; };
		E024009C1C33F4A700C270F2 /* WengClass.m */ = {isa = PBXFileReference; fileEncoding = 4; lastKnownFileType = sourcecode.c.objc; path = WengClass.m; sourceTree = "<group>"; };
/* End PBXFileReference section */

/* Begin PBXFrameworksBuildPhase section */
		0AAD1A9E1C33CEFF0091CF16 /* Frameworks */ = {
			isa = PBXFrameworksBuildPhase;
			buildActionMask = 2147483647;
			files = (
			);
			runOnlyForDeploymentPostprocessing = 0;
		};
		0AAD1AB71C33CEFF0091CF16 /* Frameworks */ = {
			isa = PBXFrameworksBuildPhase;
			buildActionMask = 2147483647;
			files = (
			);
			runOnlyForDeploymentPostprocessing = 0;
		};
		0AAD1AC21C33CEFF0091CF16 /* Frameworks */ = {
			isa = PBXFrameworksBuildPhase;
			buildActionMask = 2147483647;
			files = (
			);
			runOnlyForDeploymentPostprocessing = 0;
		};
/* End PBXFrameworksBuildPhase section */

/* Begin PBXGroup section */
		0AAD1A981C33CEFF0091CF16 = {
			isa = PBXGroup;
			children = (
				0AAD1AA31C33CEFF0091CF16 /* ZZURecord */,
				0AAD1ABD1C33CEFF0091CF16 /* ZZURecordTests */,
				0AAD1AC81C33CEFF0091CF16 /* ZZURecordUITests */,
				0AAD1AA21C33CEFF0091CF16 /* Products */,
			);
			sourceTree = "<group>";
		};
		0AAD1AA21C33CEFF0091CF16 /* Products */ = {
			isa = PBXGroup;
			children = (
				0AAD1AA11C33CEFF0091CF16 /* ZZURecord.app */,
				0AAD1ABA1C33CEFF0091CF16 /* ZZURecordTests.xctest */,
				0AAD1AC51C33CEFF0091CF16 /* ZZURecordUITests.xctest */,
			);
			name = Products;
			sourceTree = "<group>";
		};
		0AAD1AA31C33CEFF0091CF16 /* ZZURecord */ = {
			isa = PBXGroup;
			children = (
				0AAD1AA71C33CEFF0091CF16 /* AppDelegate.h */,
				0AAD1AA81C33CEFF0091CF16 /* AppDelegate.m */,

				BCC392471C33F7FC00DD6A6E /* XWQClass.h */,
				BCC392481C33F7FC00DD6A6E /* XWQClass.m */,



				BCB0A7971C33F706006E1252 /* HHGGClass.h */,
				BCB0A7981C33F706006E1252 /* HHGGClass.m */,

				BCC392471C33F7FC00DD6A6E /* XWQClass.h */,
				BCC392481C33F7FC00DD6A6E /* XWQClass.m */,



				B839379F1C33F46C00450D5C /* QXFClass.h */,
				B83937A01C33F46C00450D5C /* QXFClass.m */,
				BCB0A7941C33F633006E1252 /* HGClass.h */,
				BCB0A7951C33F633006E1252 /* HGClass.m */,
				BC1938DC1C33F35000EF90E3 /* ZHClass.h */,
				BC1938DD1C33F35000EF90E3 /* ZHClass.m */,
				4E5C91231C33F00400D02C9E /* LYCClass.h */,
				4E5C91241C33F00400D02C9E /* LYCClass.m */,
				BC4B1F0C1C33E7900049DA62 /* LCYClass.h */,
				BC4B1F0D1C33E7900049DA62 /* LCYClass.m */,
				956E605D1C33E05F00BC28C9 /* wangfan.h */,
				956E605E1C33E05F00BC28C9 /* wangfan.m */,
				BCF925601C33E24D00DC3822 /* HKClass.h */,
				BCF925611C33E24D00DC3822 /* HKClass.m */,
				BC67852B1C33E2F100C38B6F /* LCMClass.h */,
				BC67852C1C33E2F100C38B6F /* LCMClass.m */,
				BCF4CFF71C33F632003AF0DC /* WFFClass.h */,
				BCF4CFF81C33F632003AF0DC /* WFFClass.m */,
				958A2C951C33E4D7008486A8 /* YMHClass.h */,
				958A2C961C33E4D7008486A8 /* YMHClass.m */,
				BC574EF41C33E1240090617B /* ZPFClass.h */,
				BC574EF51C33E1240090617B /* ZPFClass.m */,
				E024009B1C33F4A700C270F2 /* WengClass.h */,
				E024009C1C33F4A700C270F2 /* WengClass.m */,
				587ECF0F1C33E07800D83497 /* SqsClass.h */,
				587ECF101C33E07800D83497 /* SqsClass.m */,
				2B7D464E1C33EFCE007AF805 /* ZYQClass.h */,
				2B7D464F1C33EFCE007AF805 /* ZYQClass.m */,
				BC2075AB1C33DD0800FFC688 /* CLClass.h */,
				BC2075AC1C33DD0800FFC688 /* CLClass.m */,
				A20A8D721C33E26D00DF4E31 /* MLClass.h */,
				A20A8D731C33E26D00DF4E31 /* MLClass.m */,
				9512469B1C33DEE300264A33 /* YRClass.h */,
				9512469C1C33DEE300264A33 /* YRClass.m */,
				0AAD1AAA1C33CEFF0091CF16 /* ViewController.h */,
				0AAD1AAB1C33CEFF0091CF16 /* ViewController.m */,
				BC9BCDDE1C33E55900BE7E5D /* LZWClass.h */,
				BC9BCDDF1C33E55900BE7E5D /* LZWClass.m */,
				BC7D442A1C33F0930015B554 /* WSGClass.h */,
				BC7D442B1C33F0930015B554 /* WSGClass.m */,
				BC945F231C33DDEA004D3453 /* YXLClass.h */,
				BC945F241C33DDEA004D3453 /* YXLClass.m */,
				0AAD1AD71C33CF4C0091CF16 /* WFClass.h */,
				0AAD1AD81C33CF4C0091CF16 /* WFClass.m */,
				BCC43D661C33DCB200156C18 /* JZKClass.h */,
				BCC43D671C33DCB200156C18 /* JZKClass.m */,
				BC0AD40A1C33DCC6007314CA /* RHWClass.h */,
				BC0AD40B1C33DCC6007314CA /* RHWClass.m */,
				A7F88E361C33DC6F00E887DD /* JGHClass.h */,
				A7F88E371C33DC6F00E887DD /* JGHClass.m */,
				BC794FBD1C33E01700F5CD37 /* YHClass.h */,
				951C810D1C33E5D200192442 /* WDXClass.h */,
				951C810E1C33E5D200192442 /* WDXClass.m */,
				BC794FBE1C33E01700F5CD37 /* YHClass.m */,
				BCBA0B701C33E4D00049DCFA /* YCLClass.h */,
				BCBA0B711C33E4D00049DCFA /* YCLClass.m */,
				BC8A6BE61C33E4970078C114 /* XRNClass.h */,
				BC8A6BE71C33E4970078C114 /* XRNClass.m */,
				BC3AD1101C33E839005CBB6C /* ZDWClass.h */,
				BC3AD1111C33E839005CBB6C /* ZDWClass.m */,
				BC8666141C33E9A5006FFFEA /* YYJClass.h */,
				BC8666151C33E9A5006FFFEA /* YYJClass.m */,
				BC4D289F1C33FB3700954654 /* SZZClass.h */,
				BC4D28A01C33FB3700954654 /* SZZClass.m */,
				0AAD1AAD1C33CEFF0091CF16 /* Main.storyboard */,
				0AAD1AB01C33CEFF0091CF16 /* Assets.xcassets */,
				0AAD1AB21C33CEFF0091CF16 /* LaunchScreen.storyboard */,
				0AAD1AB51C33CEFF0091CF16 /* Info.plist */,
				0AAD1AA41C33CEFF0091CF16 /* Supporting Files */,
				BC7D442D1C33F5C80015B554 /* WSGGClass.h */,
				BC7D442E1C33F5C80015B554 /* WSGGClass.m */,
			);
			path = ZZURecord;
			sourceTree = "<group>";
		};
		0AAD1AA41C33CEFF0091CF16 /* Supporting Files */ = {
			isa = PBXGroup;
			children = (
				0AAD1AA51C33CEFF0091CF16 /* main.m */,
			);
			name = "Supporting Files";
			sourceTree = "<group>";
		};
		0AAD1ABD1C33CEFF0091CF16 /* ZZURecordTests */ = {
			isa = PBXGroup;
			children = (
				0AAD1ABE1C33CEFF0091CF16 /* ZZURecordTests.m */,
				0AAD1AC01C33CEFF0091CF16 /* Info.plist */,
			);
			path = ZZURecordTests;
			sourceTree = "<group>";
		};
		0AAD1AC81C33CEFF0091CF16 /* ZZURecordUITests */ = {
			isa = PBXGroup;
			children = (
				0AAD1AC91C33CEFF0091CF16 /* ZZURecordUITests.m */,
				0AAD1ACB1C33CEFF0091CF16 /* Info.plist */,
			);
			path = ZZURecordUITests;
			sourceTree = "<group>";
		};
/* End PBXGroup section */

/* Begin PBXNativeTarget section */
		0AAD1AA01C33CEFF0091CF16 /* ZZURecord */ = {
			isa = PBXNativeTarget;
			buildConfigurationList = 0AAD1ACE1C33CEFF0091CF16 /* Build configuration list for PBXNativeTarget "ZZURecord" */;
			buildPhases = (
				0AAD1A9D1C33CEFF0091CF16 /* Sources */,
				0AAD1A9E1C33CEFF0091CF16 /* Frameworks */,
				0AAD1A9F1C33CEFF0091CF16 /* Resources */,
			);
			buildRules = (
			);
			dependencies = (
			);
			name = ZZURecord;
			productName = ZZURecord;
			productReference = 0AAD1AA11C33CEFF0091CF16 /* ZZURecord.app */;
			productType = "com.apple.product-type.application";
		};
		0AAD1AB91C33CEFF0091CF16 /* ZZURecordTests */ = {
			isa = PBXNativeTarget;
			buildConfigurationList = 0AAD1AD11C33CEFF0091CF16 /* Build configuration list for PBXNativeTarget "ZZURecordTests" */;
			buildPhases = (
				0AAD1AB61C33CEFF0091CF16 /* Sources */,
				0AAD1AB71C33CEFF0091CF16 /* Frameworks */,
				0AAD1AB81C33CEFF0091CF16 /* Resources */,
			);
			buildRules = (
			);
			dependencies = (
				0AAD1ABC1C33CEFF0091CF16 /* PBXTargetDependency */,
			);
			name = ZZURecordTests;
			productName = ZZURecordTests;
			productReference = 0AAD1ABA1C33CEFF0091CF16 /* ZZURecordTests.xctest */;
			productType = "com.apple.product-type.bundle.unit-test";
		};
		0AAD1AC41C33CEFF0091CF16 /* ZZURecordUITests */ = {
			isa = PBXNativeTarget;
			buildConfigurationList = 0AAD1AD41C33CEFF0091CF16 /* Build configuration list for PBXNativeTarget "ZZURecordUITests" */;
			buildPhases = (
				0AAD1AC11C33CEFF0091CF16 /* Sources */,
				0AAD1AC21C33CEFF0091CF16 /* Frameworks */,
				0AAD1AC31C33CEFF0091CF16 /* Resources */,
			);
			buildRules = (
			);
			dependencies = (
				0AAD1AC71C33CEFF0091CF16 /* PBXTargetDependency */,
			);
			name = ZZURecordUITests;
			productName = ZZURecordUITests;
			productReference = 0AAD1AC51C33CEFF0091CF16 /* ZZURecordUITests.xctest */;
			productType = "com.apple.product-type.bundle.ui-testing";
		};
/* End PBXNativeTarget section */

/* Begin PBXProject section */
		0AAD1A991C33CEFF0091CF16 /* Project object */ = {
			isa = PBXProject;
			attributes = {
				LastUpgradeCheck = 0710;
				ORGANIZATIONNAME = JackWong;
				TargetAttributes = {
					0AAD1AA01C33CEFF0091CF16 = {
						CreatedOnToolsVersion = 7.1.1;
					};
					0AAD1AB91C33CEFF0091CF16 = {
						CreatedOnToolsVersion = 7.1.1;
						TestTargetID = 0AAD1AA01C33CEFF0091CF16;
					};
					0AAD1AC41C33CEFF0091CF16 = {
						CreatedOnToolsVersion = 7.1.1;
						TestTargetID = 0AAD1AA01C33CEFF0091CF16;
					};
				};
			};
			buildConfigurationList = 0AAD1A9C1C33CEFF0091CF16 /* Build configuration list for PBXProject "ZZURecord" */;
			compatibilityVersion = "Xcode 3.2";
			developmentRegion = English;
			hasScannedForEncodings = 0;
			knownRegions = (
				en,
				Base,
			);
			mainGroup = 0AAD1A981C33CEFF0091CF16;
			productRefGroup = 0AAD1AA21C33CEFF0091CF16 /* Products */;
			projectDirPath = "";
			projectRoot = "";
			targets = (
				0AAD1AA01C33CEFF0091CF16 /* ZZURecord */,
				0AAD1AB91C33CEFF0091CF16 /* ZZURecordTests */,
				0AAD1AC41C33CEFF0091CF16 /* ZZURecordUITests */,
			);
		};
/* End PBXProject section */

/* Begin PBXResourcesBuildPhase section */
		0AAD1A9F1C33CEFF0091CF16 /* Resources */ = {
			isa = PBXResourcesBuildPhase;
			buildActionMask = 2147483647;
			files = (
				0AAD1AB41C33CEFF0091CF16 /* LaunchScreen.storyboard in Resources */,
				0AAD1AB11C33CEFF0091CF16 /* Assets.xcassets in Resources */,
				0AAD1AAF1C33CEFF0091CF16 /* Main.storyboard in Resources */,
			);
			runOnlyForDeploymentPostprocessing = 0;
		};
		0AAD1AB81C33CEFF0091CF16 /* Resources */ = {
			isa = PBXResourcesBuildPhase;
			buildActionMask = 2147483647;
			files = (
			);
			runOnlyForDeploymentPostprocessing = 0;
		};
		0AAD1AC31C33CEFF0091CF16 /* Resources */ = {
			isa = PBXResourcesBuildPhase;
			buildActionMask = 2147483647;
			files = (
			);
			runOnlyForDeploymentPostprocessing = 0;
		};
/* End PBXResourcesBuildPhase section */

/* Begin PBXSourcesBuildPhase section */
		0AAD1A9D1C33CEFF0091CF16 /* Sources */ = {
			isa = PBXSourcesBuildPhase;
			buildActionMask = 2147483647;
			files = (
				BC1938DE1C33F35000EF90E3 /* ZHClass.m in Sources */,
				9512469D1C33DEE300264A33 /* YRClass.m in Sources */,
				BC4D28A11C33FB3700954654 /* SZZClass.m in Sources */,
				958A2C971C33E4D7008486A8 /* YMHClass.m in Sources */,
				BCF4CFF91C33F632003AF0DC /* WFFClass.m in Sources */,
				0AAD1AAC1C33CEFF0091CF16 /* ViewController.m in Sources */,
				4E5C91251C33F00400D02C9E /* LYCClass.m in Sources */,
				956E605F1C33E05F00BC28C9 /* wangfan.m in Sources */,
				BCC392491C33F7FC00DD6A6E /* XWQClass.m in Sources */,
				587ECF111C33E07800D83497 /* SqsClass.m in Sources */,
				E024009D1C33F4A700C270F2 /* WengClass.m in Sources */,
				BC8666161C33E9A5006FFFEA /* YYJClass.m in Sources */,
				BC67852D1C33E2F100C38B6F /* LCMClass.m in Sources */,
				0AAD1AA91C33CEFF0091CF16 /* AppDelegate.m in Sources */,
				BCC43D681C33DCB200156C18 /* JZKClass.m in Sources */,
				BC9BCDE01C33E55900BE7E5D /* LZWClass.m in Sources */,
				0AAD1AA61C33CEFF0091CF16 /* main.m in Sources */,
				A7F88E381C33DC6F00E887DD /* JGHClass.m in Sources */,
				BC794FBF1C33E01700F5CD37 /* YHClass.m in Sources */,
				BC945F251C33DDEA004D3453 /* YXLClass.m in Sources */,
				BC3AD1121C33E839005CBB6C /* ZDWClass.m in Sources */,
				A20A8D741C33E26D00DF4E31 /* MLClass.m in Sources */,
				BC574EF61C33E1240090617B /* ZPFClass.m in Sources */,
				BC7D442F1C33F5C80015B554 /* WSGGClass.m in Sources */,
				0AAD1AD91C33CF4C0091CF16 /* WFClass.m in Sources */,
				BCBA0B721C33E4D00049DCFA /* YCLClass.m in Sources */,
				BC7D442C1C33F0930015B554 /* WSGClass.m in Sources */,
				BC8A6BE81C33E4970078C114 /* XRNClass.m in Sources */,
				2B7D46501C33EFCE007AF805 /* ZYQClass.m in Sources */,

				BCB0A7991C33F706006E1252 /* HHGGClass.m in Sources */,

				B83937A11C33F46C00450D5C /* QXFClass.m in Sources */,

				BC0AD40C1C33DCC6007314CA /* RHWClass.m in Sources */,
				951C810F1C33E5D200192442 /* WDXClass.m in Sources */,
				BC4B1F0E1C33E7900049DA62 /* LCYClass.m in Sources */,
				BCB0A7961C33F633006E1252 /* HGClass.m in Sources */,
				BC2075AD1C33DD0800FFC688 /* CLClass.m in Sources */,
				BCF925621C33E24D00DC3822 /* HKClass.m in Sources */,
			);
			runOnlyForDeploymentPostprocessing = 0;
		};
		0AAD1AB61C33CEFF0091CF16 /* Sources */ = {
			isa = PBXSourcesBuildPhase;
			buildActionMask = 2147483647;
			files = (
				0AAD1ABF1C33CEFF0091CF16 /* ZZURecordTests.m in Sources */,
			);
			runOnlyForDeploymentPostprocessing = 0;
		};
		0AAD1AC11C33CEFF0091CF16 /* Sources */ = {
			isa = PBXSourcesBuildPhase;
			buildActionMask = 2147483647;
			files = (
				0AAD1ACA1C33CEFF0091CF16 /* ZZURecordUITests.m in Sources */,
			);
			runOnlyForDeploymentPostprocessing = 0;
		};
/* End PBXSourcesBuildPhase section */

/* Begin PBXTargetDependency section */
		0AAD1ABC1C33CEFF0091CF16 /* PBXTargetDependency */ = {
			isa = PBXTargetDependency;
			target = 0AAD1AA01C33CEFF0091CF16 /* ZZURecord */;
			targetProxy = 0AAD1ABB1C33CEFF0091CF16 /* PBXContainerItemProxy */;
		};
		0AAD1AC71C33CEFF0091CF16 /* PBXTargetDependency */ = {
			isa = PBXTargetDependency;
			target = 0AAD1AA01C33CEFF0091CF16 /* ZZURecord */;
			targetProxy = 0AAD1AC61C33CEFF0091CF16 /* PBXContainerItemProxy */;
		};
/* End PBXTargetDependency section */

/* Begin PBXVariantGroup section */
		0AAD1AAD1C33CEFF0091CF16 /* Main.storyboard */ = {
			isa = PBXVariantGroup;
			children = (
				0AAD1AAE1C33CEFF0091CF16 /* Base */,
			);
			name = Main.storyboard;
			sourceTree = "<group>";
		};
		0AAD1AB21C33CEFF0091CF16 /* LaunchScreen.storyboard */ = {
			isa = PBXVariantGroup;
			children = (
				0AAD1AB31C33CEFF0091CF16 /* Base */,
			);
			name = LaunchScreen.storyboard;
			sourceTree = "<group>";
		};
/* End PBXVariantGroup section */

/* Begin XCBuildConfiguration section */
		0AAD1ACC1C33CEFF0091CF16 /* Debug */ = {
			isa = XCBuildConfiguration;
			buildSettings = {
				ALWAYS_SEARCH_USER_PATHS = NO;
				CLANG_CXX_LANGUAGE_STANDARD = "gnu++0x";
				CLANG_CXX_LIBRARY = "libc++";
				CLANG_ENABLE_MODULES = YES;
				CLANG_ENABLE_OBJC_ARC = YES;
				CLANG_WARN_BOOL_CONVERSION = YES;
				CLANG_WARN_CONSTANT_CONVERSION = YES;
				CLANG_WARN_DIRECT_OBJC_ISA_USAGE = YES_ERROR;
				CLANG_WARN_EMPTY_BODY = YES;
				CLANG_WARN_ENUM_CONVERSION = YES;
				CLANG_WARN_INT_CONVERSION = YES;
				CLANG_WARN_OBJC_ROOT_CLASS = YES_ERROR;
				CLANG_WARN_UNREACHABLE_CODE = YES;
				CLANG_WARN__DUPLICATE_METHOD_MATCH = YES;
				"CODE_SIGN_IDENTITY[sdk=iphoneos*]" = "iPhone Developer";
				COPY_PHASE_STRIP = NO;
				DEBUG_INFORMATION_FORMAT = dwarf;
				ENABLE_STRICT_OBJC_MSGSEND = YES;
				ENABLE_TESTABILITY = YES;
				GCC_C_LANGUAGE_STANDARD = gnu99;
				GCC_DYNAMIC_NO_PIC = NO;
				GCC_NO_COMMON_BLOCKS = YES;
				GCC_OPTIMIZATION_LEVEL = 0;
				GCC_PREPROCESSOR_DEFINITIONS = (
					"DEBUG=1",
					"$(inherited)",
				);
				GCC_WARN_64_TO_32_BIT_CONVERSION = YES;
				GCC_WARN_ABOUT_RETURN_TYPE = YES_ERROR;
				GCC_WARN_UNDECLARED_SELECTOR = YES;
				GCC_WARN_UNINITIALIZED_AUTOS = YES_AGGRESSIVE;
				GCC_WARN_UNUSED_FUNCTION = YES;
				GCC_WARN_UNUSED_VARIABLE = YES;
				IPHONEOS_DEPLOYMENT_TARGET = 9.1;
				MTL_ENABLE_DEBUG_INFO = YES;
				ONLY_ACTIVE_ARCH = YES;
				SDKROOT = iphoneos;
				TARGETED_DEVICE_FAMILY = "1,2";
			};
			name = Debug;
		};
		0AAD1ACD1C33CEFF0091CF16 /* Release */ = {
			isa = XCBuildConfiguration;
			buildSettings = {
				ALWAYS_SEARCH_USER_PATHS = NO;
				CLANG_CXX_LANGUAGE_STANDARD = "gnu++0x";
				CLANG_CXX_LIBRARY = "libc++";
				CLANG_ENABLE_MODULES = YES;
				CLANG_ENABLE_OBJC_ARC = YES;
				CLANG_WARN_BOOL_CONVERSION = YES;
				CLANG_WARN_CONSTANT_CONVERSION = YES;
				CLANG_WARN_DIRECT_OBJC_ISA_USAGE = YES_ERROR;
				CLANG_WARN_EMPTY_BODY = YES;
				CLANG_WARN_ENUM_CONVERSION = YES;
				CLANG_WARN_INT_CONVERSION = YES;
				CLANG_WARN_OBJC_ROOT_CLASS = YES_ERROR;
				CLANG_WARN_UNREACHABLE_CODE = YES;
				CLANG_WARN__DUPLICATE_METHOD_MATCH = YES;
				"CODE_SIGN_IDENTITY[sdk=iphoneos*]" = "iPhone Developer";
				COPY_PHASE_STRIP = NO;
				DEBUG_INFORMATION_FORMAT = "dwarf-with-dsym";
				ENABLE_NS_ASSERTIONS = NO;
				ENABLE_STRICT_OBJC_MSGSEND = YES;
				GCC_C_LANGUAGE_STANDARD = gnu99;
				GCC_NO_COMMON_BLOCKS = YES;
				GCC_WARN_64_TO_32_BIT_CONVERSION = YES;
				GCC_WARN_ABOUT_RETURN_TYPE = YES_ERROR;
				GCC_WARN_UNDECLARED_SELECTOR = YES;
				GCC_WARN_UNINITIALIZED_AUTOS = YES_AGGRESSIVE;
				GCC_WARN_UNUSED_FUNCTION = YES;
				GCC_WARN_UNUSED_VARIABLE = YES;
				IPHONEOS_DEPLOYMENT_TARGET = 9.1;
				MTL_ENABLE_DEBUG_INFO = NO;
				SDKROOT = iphoneos;
				TARGETED_DEVICE_FAMILY = "1,2";
				VALIDATE_PRODUCT = YES;
			};
			name = Release;
		};
		0AAD1ACF1C33CEFF0091CF16 /* Debug */ = {
			isa = XCBuildConfiguration;
			buildSettings = {
				ASSETCATALOG_COMPILER_APPICON_NAME = AppIcon;
				INFOPLIST_FILE = ZZURecord/Info.plist;
				LD_RUNPATH_SEARCH_PATHS = "$(inherited) @executable_path/Frameworks";
				PRODUCT_BUNDLE_IDENTIFIER = com.iluckly.www.ZZURecord;
				PRODUCT_NAME = "$(TARGET_NAME)";
			};
			name = Debug;
		};
		0AAD1AD01C33CEFF0091CF16 /* Release */ = {
			isa = XCBuildConfiguration;
			buildSettings = {
				ASSETCATALOG_COMPILER_APPICON_NAME = AppIcon;
				INFOPLIST_FILE = ZZURecord/Info.plist;
				LD_RUNPATH_SEARCH_PATHS = "$(inherited) @executable_path/Frameworks";
				PRODUCT_BUNDLE_IDENTIFIER = com.iluckly.www.ZZURecord;
				PRODUCT_NAME = "$(TARGET_NAME)";
			};
			name = Release;
		};
		0AAD1AD21C33CEFF0091CF16 /* Debug */ = {
			isa = XCBuildConfiguration;
			buildSettings = {
				BUNDLE_LOADER = "$(TEST_HOST)";
				INFOPLIST_FILE = ZZURecordTests/Info.plist;
				LD_RUNPATH_SEARCH_PATHS = "$(inherited) @executable_path/Frameworks @loader_path/Frameworks";
				PRODUCT_BUNDLE_IDENTIFIER = com.iluckly.www.ZZURecordTests;
				PRODUCT_NAME = "$(TARGET_NAME)";
				TEST_HOST = "$(BUILT_PRODUCTS_DIR)/ZZURecord.app/ZZURecord";
			};
			name = Debug;
		};
		0AAD1AD31C33CEFF0091CF16 /* Release */ = {
			isa = XCBuildConfiguration;
			buildSettings = {
				BUNDLE_LOADER = "$(TEST_HOST)";
				INFOPLIST_FILE = ZZURecordTests/Info.plist;
				LD_RUNPATH_SEARCH_PATHS = "$(inherited) @executable_path/Frameworks @loader_path/Frameworks";
				PRODUCT_BUNDLE_IDENTIFIER = com.iluckly.www.ZZURecordTests;
				PRODUCT_NAME = "$(TARGET_NAME)";
				TEST_HOST = "$(BUILT_PRODUCTS_DIR)/ZZURecord.app/ZZURecord";
			};
			name = Release;
		};
		0AAD1AD51C33CEFF0091CF16 /* Debug */ = {
			isa = XCBuildConfiguration;
			buildSettings = {
				INFOPLIST_FILE = ZZURecordUITests/Info.plist;
				LD_RUNPATH_SEARCH_PATHS = "$(inherited) @executable_path/Frameworks @loader_path/Frameworks";
				PRODUCT_BUNDLE_IDENTIFIER = com.iluckly.www.ZZURecordUITests;
				PRODUCT_NAME = "$(TARGET_NAME)";
				TEST_TARGET_NAME = ZZURecord;
				USES_XCTRUNNER = YES;
			};
			name = Debug;
		};
		0AAD1AD61C33CEFF0091CF16 /* Release */ = {
			isa = XCBuildConfiguration;
			buildSettings = {
				INFOPLIST_FILE = ZZURecordUITests/Info.plist;
				LD_RUNPATH_SEARCH_PATHS = "$(inherited) @executable_path/Frameworks @loader_path/Frameworks";
				PRODUCT_BUNDLE_IDENTIFIER = com.iluckly.www.ZZURecordUITests;
				PRODUCT_NAME = "$(TARGET_NAME)";
				TEST_TARGET_NAME = ZZURecord;
				USES_XCTRUNNER = YES;
			};
			name = Release;
		};
/* End XCBuildConfiguration section */

/* Begin XCConfigurationList section */
		0AAD1A9C1C33CEFF0091CF16 /* Build configuration list for PBXProject "ZZURecord" */ = {
			isa = XCConfigurationList;
			buildConfigurations = (
				0AAD1ACC1C33CEFF0091CF16 /* Debug */,
				0AAD1ACD1C33CEFF0091CF16 /* Release */,
			);
			defaultConfigurationIsVisible = 0;
			defaultConfigurationName = Release;
		};
		0AAD1ACE1C33CEFF0091CF16 /* Build configuration list for PBXNativeTarget "ZZURecord" */ = {
			isa = XCConfigurationList;
			buildConfigurations = (
				0AAD1ACF1C33CEFF0091CF16 /* Debug */,
				0AAD1AD01C33CEFF0091CF16 /* Release */,
			);
			defaultConfigurationIsVisible = 0;
			defaultConfigurationName = Release;
		};
		0AAD1AD11C33CEFF0091CF16 /* Build configuration list for PBXNativeTarget "ZZURecordTests" */ = {
			isa = XCConfigurationList;
			buildConfigurations = (
				0AAD1AD21C33CEFF0091CF16 /* Debug */,
				0AAD1AD31C33CEFF0091CF16 /* Release */,
			);
			defaultConfigurationIsVisible = 0;
			defaultConfigurationName = Release;
		};
		0AAD1AD41C33CEFF0091CF16 /* Build configuration list for PBXNativeTarget "ZZURecordUITests" */ = {
			isa = XCConfigurationList;
			buildConfigurations = (
				0AAD1AD51C33CEFF0091CF16 /* Debug */,
				0AAD1AD61C33CEFF0091CF16 /* Release */,
			);
			defaultConfigurationIsVisible = 0;
			defaultConfigurationName = Release;
		};
/* End XCConfigurationList section */
	};
	rootObject = 0AAD1A991C33CEFF0091CF16 /* Project object */;
}
